
Microsoft Visual Studio Solution File, Format Version 12.00
# Visual Studio Version 17
VisualStudioVersion = 17.6.33815.320
MinimumVisualStudioVersion = 10.0.40219.1
Project("{FAE04EC0-301F-11D3-BF4B-00C04F79EFBC}") = "CollectionsDemo", "CollectionsDemo.csproj", "{A337573C-3644-4C18-8D3A-8DC10722B53E}"
EndProject
Global
	GlobalSection(SolutionConfigurationPlatforms) = preSolution
		Debug|Any CPU = Debug|Any CPU
		Release|Any CPU = Release|Any CPU
	EndGlobalSection
	GlobalSection(ProjectConfigurationPlatforms) = postSolution
		{A337573C-3644-4C18-8D3A-8DC10722B53E}.Debug|Any CPU.ActiveCfg = Debug|Any CPU
		{A337573C-3644-4C18-8D3A-8DC10722B53E}.Debug|Any CPU.Build.0 = Debug|Any CPU
		{A337573C-3644-4C18-8D3A-8DC10722B53E}.Release|Any CPU.ActiveCfg = Release|Any CPU
		{A337573C-3644-4C18-8D3A-8DC10722B53E}.Release|Any CPU.Build.0 = Release|Any CPU
	EndGlobalSection
	GlobalSection(SolutionProperties) = preSolution
		HideSolutionNode = FALSE
	EndGlobalSection
	GlobalSection(ExtensibilityGlobals) = postSolution
		SolutionGuid = {6D76A1B0-3D7B-4E19-AD69-DBAF1F5E9260}
	EndGlobalSection
EndGlobal
